
Microsoft Visual Studio Solution File, Format Version 12.00
# Visual Studio Version 17
VisualStudioVersion = 17.14.36121.58 d17.14
MinimumVisualStudioVersion = 10.0.40219.1
Project("{FAE04EC0-301F-11D3-BF4B-00C04F79EFBC}") = "GOMEZ_MARTINEZ-ADY_WEB_API", "GOMEZ_MARTINEZ-ADY_WEB_API\GOMEZ_MARTINEZ-ADY_WEB_API.csproj", "{B30350A9-E71A-4F18-BB25-CE6BE2FFA03A}"
EndProject
Global
	GlobalSection(SolutionConfigurationPlatforms) = preSolution
		Debug|Any CPU = Debug|Any CPU
		Release|Any CPU = Release|Any CPU
	EndGlobalSection
	GlobalSection(ProjectConfigurationPlatforms) = postSolution
		{B30350A9-E71A-4F18-BB25-CE6BE2FFA03A}.Debug|Any CPU.ActiveCfg = Debug|Any CPU
		{B30350A9-E71A-4F18-BB25-CE6BE2FFA03A}.Debug|Any CPU.Build.0 = Debug|Any CPU
		{B30350A9-E71A-4F18-BB25-CE6BE2FFA03A}.Release|Any CPU.ActiveCfg = Release|Any CPU
		{B30350A9-E71A-4F18-BB25-CE6BE2FFA03A}.Release|Any CPU.Build.0 = Release|Any CPU
	EndGlobalSection
	GlobalSection(SolutionProperties) = preSolution
		HideSolutionNode = FALSE
	EndGlobalSection
	GlobalSection(ExtensibilityGlobals) = postSolution
		SolutionGuid = {4B769BCD-34C2-473B-A7C7-74050C6B4E46}
	EndGlobalSection
EndGlobal
